{
  "name": "schools",
  "version": "0.0.1",
  "lockfileVersion": 1,
  "requires": true,
  "dependencies": {
    "exec-sh": {
      "version": "0.2.1",
      "resolved": "http://npm.prod.hulu.com/exec-sh/-/exec-sh-0.2.1.tgz",
      "integrity": "sha512-aLt95pexaugVtQerpmE51+4QfWrNc304uez7jvj6fWnN8GeEHpttB8F36n8N7uVhUMbH/1enbxQ9HImZ4w/9qg==",
      "requires": {
        "merge": "1.2.0"
      }
    },
    "merge": {
      "version": "1.2.0",
      "resolved": "http://npm.prod.hulu.com/merge/-/merge-1.2.0.tgz",
      "integrity": "sha1-dTHjnUlJwoGma4xabgJl6LBYlNo="
    },
    "minimist": {
      "version": "1.2.0",
      "resolved": "http://npm.prod.hulu.com/minimist/-/minimist-1.2.0.tgz",
      "integrity": "sha1-o1AIsg9BOD7sH7kU9M1d95omQoQ="
    },
    "pre-push": {
      "version": "0.1.1",
      "resolved": "http://npm.prod.hulu.com/pre-push/-/pre-push-0.1.1.tgz",
      "integrity": "sha1-Kip5gn0kOnbJEImJescH9F5xaqw=",
      "requires": {
        "shelljs": "0.3.0"
      }
    },
    "shelljs": {
      "version": "0.3.0",
      "resolved": "http://npm.prod.hulu.com/shelljs/-/shelljs-0.3.0.tgz",
      "integrity": "sha1-NZbmMHp4FUT1kfN9phg2DzHbV7E="
    },
    "watch": {
      "version": "1.0.2",
      "resolved": "http://npm.prod.hulu.com/watch/-/watch-1.0.2.tgz",
      "integrity": "sha1-NApxe952Vyb6CqB9ch4BR6VR3ww=",
      "requires": {
        "exec-sh": "0.2.1",
        "minimist": "1.2.0"
      }
    }
  }
}
